
Microsoft Visual Studio Solution File, Format Version 12.00
# Visual Studio 2013
VisualStudioVersion = 12.0.21005.1
MinimumVisualStudioVersion = 10.0.40219.1
Project("{FAE04EC0-301F-11D3-BF4B-00C04F79EFBC}") = "CDFMonitor", "CDFMonitor.csproj", "{F7639D48-A8F2-40E4-B7C6-BA645C466B1A}"
EndProject
Project("{2150E333-8FDC-42A3-9474-1A3956D46DE8}") = "Solution Items", "Solution Items", "{E8B5A1D8-E172-409C-A686-1D9BDAEC1639}"
EndProject
Global
	GlobalSection(SolutionConfigurationPlatforms) = preSolution
		Debug|Any CPU = Debug|Any CPU
		Release|Any CPU = Release|Any CPU
	EndGlobalSection
	GlobalSection(ProjectConfigurationPlatforms) = postSolution
		{F7639D48-A8F2-40E4-B7C6-BA645C466B1A}.Debug|Any CPU.ActiveCfg = Debug|Any CPU
		{F7639D48-A8F2-40E4-B7C6-BA645C466B1A}.Debug|Any CPU.Build.0 = Debug|Any CPU
		{F7639D48-A8F2-40E4-B7C6-BA645C466B1A}.Release|Any CPU.ActiveCfg = Release|Any CPU
		{F7639D48-A8F2-40E4-B7C6-BA645C466B1A}.Release|Any CPU.Build.0 = Release|Any CPU
	EndGlobalSection
	GlobalSection(SolutionProperties) = preSolution
		HideSolutionNode = FALSE
	EndGlobalSection
EndGlobal
